PODS:
  - Apollo (0.7.0):
    - Apollo/Core (= 0.7.0)
  - Apollo/Core (0.7.0)

DEPENDENCIES:
  - Apollo

SPEC REPOS:
  https://github.com/cocoapods/specs.git:
    - Apollo

SPEC CHECKSUMS:
  Apollo: d6649ac06168660e70c6226c4eadfc0770791ba5

PODFILE CHECKSUM: 619cdcc7d3fa164041e99d23f0fa4d3d1fc30022

COCOAPODS: 1.5.3
